Microsoft Visual Studio Solution File, Format Version 12.00
# Visual Studio Version 17
VisualStudioVersion = 17.3.32929.385
MinimumVisualStudioVersion = 10.0.40219.1
Project("{9A19103F-16F7-4668-BE54-9A1E7A4F7556}") = "Testing", "Testing\Testing.csproj", "{B534AACF-405C-4D74-AC01-581AC811EDA1}"
EndProject
Project("{2150E333-8FDC-42A3-9474-1A3956D46DE8}") = "Solution Items", "Solution Items", "{5310A0DF-1E7F-45DD-A46B-ECE50605EE2F}"
EndProject
Global
	GlobalSection(SolutionConfigurationPlatforms) = preSolution
		Debug|Any CPU = Debug|Any CPU
		Release|Any CPU = Release|Any CPU
	EndGlobalSection
	GlobalSection(ProjectConfigurationPlatforms) = postSolution
		{B534AACF-405C-4D74-AC01-581AC811EDA1}.Debug|Any CPU.ActiveCfg = Debug|Any CPU
		{B534AACF-405C-4D74-AC01-581AC811EDA1}.Debug|Any CPU.Build.0 = Debug|Any CPU
		{B534AACF-405C-4D74-AC01-581AC811EDA1}.Release|Any CPU.ActiveCfg = Release|Any CPU
		{B534AACF-405C-4D74-AC01-581AC811EDA1}.Release|Any CPU.Build.0 = Release|Any CPU
	EndGlobalSection
	GlobalSection(SolutionProperties) = preSolution
		HideSolutionNode = FALSE
	EndGlobalSection
	GlobalSection(ExtensibilityGlobals) = postSolution
		SolutionGuid = {D1D30A23-8F9E-4CB3-A2B7-20B582E9C099}
	EndGlobalSection
EndGlobal
